<?xml version="1.0" encoding="UTF-8" standalone="yes" ?>
<CodeBlocks_project_file>
	<FileVersion major="1" minor="6" />
	<Project>
		<Option title="focused" />
		<Option pch_mode="2" />
		<Option compiler="gcc" />
		<Build>
			<Target title="Debug">
				<Option output="bin/Debug/focused" prefix_auto="1" extension_auto="1" />
				<Option object_output="obj/Debug/" />
				<Option type="0" />
				<Option compiler="gcc" />
				<Option projectLinkerOptionsRelation="2" />
				<Compiler>
					<Add option="-std=c++17" />
					<Add option="-g" />
					<Add option="-D__WXDEBUG__" />
					<Add directory="$(#wx)/lib/gcc_dll/mswud" />
					<Add directory="include" />
				</Compiler>
				<ResourceCompiler>
					<Add directory="$(#wx)/lib/gcc_dll/mswud" />
				</ResourceCompiler>
				<Linker>
					<Add library="C:/wxWidgets/lib/gcc_dll/libwxmsw32ud.a" />
					<Add directory="$(#wx)/lib/gcc_dll" />
				</Linker>
			</Target>
			<Target title="Release">
				<Option output="bin/Release/focused" prefix_auto="1" extension_auto="1" />
				<Option object_output="obj/Release/" />
				<Option type="0" />
				<Option compiler="gcc" />
				<Option projectLinkerOptionsRelation="2" />
				<Compiler>
					<Add option="-O2" />
					<Add directory="$(#wx)/lib/gcc_dll/mswu" />
					<Add directory="include" />
				</Compiler>
				<ResourceCompiler>
					<Add directory="$(#wx)/lib/gcc_dll/mswu" />
				</ResourceCompiler>
				<Linker>
					<Add option="-s" />
					<Add library="libwxmsw31u.a" />
					<Add directory="$(#wx)/lib/gcc_dll" />
				</Linker>
			</Target>
		</Build>
		<Compiler>
			<Add option="-Wall" />
			<Add option="-pipe" />
			<Add option="-mthreads" />
			<Add option="-D__GNUWIN32__" />
			<Add option="-D__WXMSW__" />
			<Add option="-DWXUSINGDLL" />
			<Add option="-DwxUSE_UNICODE" />
			<Add directory="$(#wx)/include" />
			<Add directory="C:/SFML/SFML-2.5.1/include" />
		</Compiler>
		<ResourceCompiler>
			<Add directory="$(#wx)/include" />
		</ResourceCompiler>
		<Linker>
			<Add option="-mthreads" />
			<Add library="C:/wxWidgets/lib/gcc_dll/libwxmsw32ud.a" />
			<Add library="C:/SFML/SFML-2.5.1/lib/libFLAC.a" />
			<Add library="C:/SFML/SFML-2.5.1/lib/libogg.a" />
			<Add library="C:/SFML/SFML-2.5.1/lib/libopenal32.a" />
			<Add library="C:/SFML/SFML-2.5.1/lib/libsfml-audio.a" />
			<Add library="C:/SFML/SFML-2.5.1/lib/libsfml-system.a" />
			<Add library="C:/SFML/SFML-2.5.1/lib/libvorbis.a" />
			<Add library="C:/SFML/SFML-2.5.1/lib/libvorbisfile.a" />
			<Add directory="C:/SFML/SFML-2.5.1/lib" />
		</Linker>
		<Unit filename="cafe.wav" />
		<Unit filename="icebergs.wav" />
		<Unit filename="include/BubblePanel.h" />
		<Unit filename="include/MainFrame.h" />
		<Unit filename="include/SoundButton.h" />
		<Unit filename="include/StyleConfig.h" />
		<Unit filename="main.cpp" />
		<Unit filename="rain.wav" />
		<Unit filename="src/BubblePanel.cpp" />
		<Unit filename="src/MainFrame.cpp" />
		<Unit filename="src/SoundButton.cpp" />
		<Unit filename="waves.wav" />
		<Unit filename="wind-in-forest.wav" />
		<Extensions>
			<lib_finder disable_auto="1" />
		</Extensions>
	</Project>
</CodeBlocks_project_file>
